
Microsoft Visual Studio Solution File, Format Version 12.00
# Visual Studio Version 17
VisualStudioVersion = 17.7.34031.279
MinimumVisualStudioVersion = 10.0.40219.1
Project("{8BC9CEB8-8B4A-11D0-8D11-00A0C91BC942}") = "HelloWorld", "HelloWorld\HelloWorld.vcxproj", "{A508A988-9D49-4CCF-B982-C524E786331C}"
EndProject
Project("{8BC9CEB8-8B4A-11D0-8D11-00A0C91BC942}") = "charIO", "charIO\charIO.vcxproj", "{CDC98E70-F03B-41D2-AE83-68806AA7C698}"
EndProject
Project("{8BC9CEB8-8B4A-11D0-8D11-00A0C91BC942}") = "getsSample", "getsSample\getsSample.vcxproj", "{8020EC2A-2E7A-4079-863C-B058F4D383B2}"
EndProject
Project("{8BC9CEB8-8B4A-11D0-8D11-00A0C91BC942}") = "ageNameIO", "ageNameIO\ageNameIO.vcxproj", "{8E5FD222-7C8F-455F-BB28-33328BC2611E}"
EndProject
Project("{8BC9CEB8-8B4A-11D0-8D11-00A0C91BC942}") = "avg", "avg\avg.vcxproj", "{3A5025EC-1216-47FE-8E4F-3F79F81B869C}"
EndProject
Project("{8BC9CEB8-8B4A-11D0-8D11-00A0C91BC942}") = "clock", "clock\clock.vcxproj", "{18455B32-97F4-4844-93C1-72B5E53054DB}"
EndProject
Project("{8BC9CEB8-8B4A-11D0-8D11-00A0C91BC942}") = "varChange", "varChange\varChange.vcxproj", "{0A22B00F-E2CD-4349-ADC9-2DE99AFBB798}"
EndProject
Project("{8BC9CEB8-8B4A-11D0-8D11-00A0C91BC942}") = "totalSum", "totalSum\totalSum.vcxproj", "{0AAF7433-EE56-46B2-848D-DA2BF1D08784}"
EndProject
Project("{8BC9CEB8-8B4A-11D0-8D11-00A0C91BC942}") = "bitSub", "bitSub\bitSub.vcxproj", "{BB01921D-C872-4EE1-A444-03EDE8CE4AAC}"
EndProject
Project("{8BC9CEB8-8B4A-11D0-8D11-00A0C91BC942}") = "passOrNonPass", "passOrNonPass\passOrNonPass.vcxproj", "{1279966A-D6E6-47A5-8BE7-D7AFEA6B0EAE}"
EndProject
Project("{8BC9CEB8-8B4A-11D0-8D11-00A0C91BC942}") = "maxSurvival", "maxSurvival\maxSurvival.vcxproj", "{60F14F32-DB28-42EA-B36E-D8F63EE5D188}"
EndProject
Project("{8BC9CEB8-8B4A-11D0-8D11-00A0C91BC942}") = "maxTournament", "maxTournament\maxTournament.vcxproj", "{A3A34411-4571-4326-A97E-78658D36348A}"
EndProject
Project("{8BC9CEB8-8B4A-11D0-8D11-00A0C91BC942}") = "maxIf", "maxIf\maxIf.vcxproj", "{985181D5-2F15-4C1A-8AC1-964642F83968}"
EndProject
Project("{8BC9CEB8-8B4A-11D0-8D11-00A0C91BC942}") = "busFee", "busFee\busFee.vcxproj", "{D4F68290-0986-4302-A8AB-E5F98FB27EA4}"
EndProject
Project("{8BC9CEB8-8B4A-11D0-8D11-00A0C91BC942}") = "ageBusFee", "ageBusFee\ageBusFee.vcxproj", "{E2A7AA45-E4A2-44B3-BBB4-93201BA1D416}"
EndProject
Project("{8BC9CEB8-8B4A-11D0-8D11-00A0C91BC942}") = "starOneLine", "starOneLine\starOneLine.vcxproj", "{C02BD473-E2CF-426F-BF53-A8374CB0290F}"
EndProject
Project("{8BC9CEB8-8B4A-11D0-8D11-00A0C91BC942}") = "forTotalCount", "forTotalCount\forTotalCount.vcxproj", "{333C5670-D8FA-4D18-8A9D-B17CC1DD6A30}"
EndProject
Project("{8BC9CEB8-8B4A-11D0-8D11-00A0C91BC942}") = "gugudan", "gugudan\gugudan.vcxproj", "{DEC72794-D971-49E9-A45E-58CF55DC963E}"
EndProject
Project("{8BC9CEB8-8B4A-11D0-8D11-00A0C91BC942}") = "playStarPrint1", "playStarPrint1\playStarPrint1.vcxproj", "{1FF94172-6F40-4408-8E01-8474ADAFE814}"
EndProject
Project("{8BC9CEB8-8B4A-11D0-8D11-00A0C91BC942}") = "playStarPrint2", "playStarPrint2\playStarPrint2.vcxproj", "{17E77F92-59AA-4C2A-B310-65F6B9BB8618}"
EndProject
Project("{8BC9CEB8-8B4A-11D0-8D11-00A0C91BC942}") = "arrayMax", "arrayMax\arrayMax.vcxproj", "{4358DCA2-9DF8-4EF9-8CFB-F5B14F7EFF1C}"
EndProject
Project("{8BC9CEB8-8B4A-11D0-8D11-00A0C91BC942}") = "selectSort", "selectSort\selectSort.vcxproj", "{032DF646-DEC2-48E6-A7C2-EE51BB26A64B}"
EndProject
Project("{8BC9CEB8-8B4A-11D0-8D11-00A0C91BC942}") = "arrSum", "arrSum\arrSum.vcxproj", "{A5E6C079-741C-4969-820E-61A26AC6E5AF}"
EndProject
Project("{8BC9CEB8-8B4A-11D0-8D11-00A0C91BC942}") = "2dArr", "2dArr\2dArr.vcxproj", "{2C01C961-15C6-45E4-9D36-AAC9DB6BC6BE}"
EndProject
Project("{8BC9CEB8-8B4A-11D0-8D11-00A0C91BC942}") = "SnailMultiArray", "SnailMultiArray\SnailMultiArray.vcxproj", "{A0F9C81A-3DDC-45C2-ADB4-6AC087B79424}"
EndProject
Project("{8BC9CEB8-8B4A-11D0-8D11-00A0C91BC942}") = "func_max_value", "func_max_value\func_max_value.vcxproj", "{53CD1DF7-B43F-4B26-9C46-C610323CFA83}"
EndProject
Project("{8BC9CEB8-8B4A-11D0-8D11-00A0C91BC942}") = "StringLength", "StringLength\StringLength.vcxproj", "{1A087CC2-B079-4084-9A68-E0F50A4F5B34}"
EndProject
Project("{8BC9CEB8-8B4A-11D0-8D11-00A0C91BC942}") = "DynamicMemory", "DynamicMemory\DynamicMemory.vcxproj", "{6C46197C-9AD4-4E2D-93CF-31998FC4BF9F}"
EndProject
Project("{8BC9CEB8-8B4A-11D0-8D11-00A0C91BC942}") = "MemoryCopy", "MemoryCopy\MemoryCopy.vcxproj", "{150CF4B8-C8B9-4BA4-83AF-A0B864371A3A}"
EndProject
Project("{8BC9CEB8-8B4A-11D0-8D11-00A0C91BC942}") = "MemoryCompare", "MemoryCompare\MemoryCompare.vcxproj", "{6D7A7BBF-CA67-463D-8257-2845A072F9DA}"
EndProject
Project("{8BC9CEB8-8B4A-11D0-8D11-00A0C91BC942}") = "StringSearch", "StringSearch\StringSearch.vcxproj", "{6F464FF3-FB8C-47B7-B89D-A32D934ECDD4}"
EndProject
Project("{8BC9CEB8-8B4A-11D0-8D11-00A0C91BC942}") = "MultiArrPointer", "MultiArrPointer\MultiArrPointer.vcxproj", "{640BDDEE-ECEE-4FD9-B658-8B63C5542F20}"
EndProject
Project("{8BC9CEB8-8B4A-11D0-8D11-00A0C91BC942}") = "MyStrcpy", "MyStrcpy\MyStrcpy.vcxproj", "{1457C81A-A7E3-4065-8B86-2D79C880E03C}"
EndProject
Global
	GlobalSection(SolutionConfigurationPlatforms) = preSolution
		Debug|x64 = Debug|x64
		Debug|x86 = Debug|x86
		Release|x64 = Release|x64
		Release|x86 = Release|x86
	EndGlobalSection
	GlobalSection(ProjectConfigurationPlatforms) = postSolution
		{A508A988-9D49-4CCF-B982-C524E786331C}.Debug|x64.ActiveCfg = Debug|x64
		{A508A988-9D49-4CCF-B982-C524E786331C}.Debug|x64.Build.0 = Debug|x64
		{A508A988-9D49-4CCF-B982-C524E786331C}.Debug|x86.ActiveCfg = Debug|Win32
		{A508A988-9D49-4CCF-B982-C524E786331C}.Debug|x86.Build.0 = Debug|Win32
		{A508A988-9D49-4CCF-B982-C524E786331C}.Release|x64.ActiveCfg = Release|x64
		{A508A988-9D49-4CCF-B982-C524E786331C}.Release|x64.Build.0 = Release|x64
		{A508A988-9D49-4CCF-B982-C524E786331C}.Release|x86.ActiveCfg = Release|Win32
		{A508A988-9D49-4CCF-B982-C524E786331C}.Release|x86.Build.0 = Release|Win32
		{CDC98E70-F03B-41D2-AE83-68806AA7C698}.Debug|x64.ActiveCfg = Debug|x64
		{CDC98E70-F03B-41D2-AE83-68806AA7C698}.Debug|x64.Build.0 = Debug|x64
		{CDC98E70-F03B-41D2-AE83-68806AA7C698}.Debug|x86.ActiveCfg = Debug|Win32
		{CDC98E70-F03B-41D2-AE83-68806AA7C698}.Debug|x86.Build.0 = Debug|Win32
		{CDC98E70-F03B-41D2-AE83-68806AA7C698}.Release|x64.ActiveCfg = Release|x64
		{CDC98E70-F03B-41D2-AE83-68806AA7C698}.Release|x64.Build.0 = Release|x64
		{CDC98E70-F03B-41D2-AE83-68806AA7C698}.Release|x86.ActiveCfg = Release|Win32
		{CDC98E70-F03B-41D2-AE83-68806AA7C698}.Release|x86.Build.0 = Release|Win32
		{8020EC2A-2E7A-4079-863C-B058F4D383B2}.Debug|x64.ActiveCfg = Debug|x64
		{8020EC2A-2E7A-4079-863C-B058F4D383B2}.Debug|x64.Build.0 = Debug|x64
		{8020EC2A-2E7A-4079-863C-B058F4D383B2}.Debug|x86.ActiveCfg = Debug|Win32
		{8020EC2A-2E7A-4079-863C-B058F4D383B2}.Debug|x86.Build.0 = Debug|Win32
		{8020EC2A-2E7A-4079-863C-B058F4D383B2}.Release|x64.ActiveCfg = Release|x64
		{8020EC2A-2E7A-4079-863C-B058F4D383B2}.Release|x64.Build.0 = Release|x64
		{8020EC2A-2E7A-4079-863C-B058F4D383B2}.Release|x86.ActiveCfg = Release|Win32
		{8020EC2A-2E7A-4079-863C-B058F4D383B2}.Release|x86.Build.0 = Release|Win32
		{8E5FD222-7C8F-455F-BB28-33328BC2611E}.Debug|x64.ActiveCfg = Debug|x64
		{8E5FD222-7C8F-455F-BB28-33328BC2611E}.Debug|x64.Build.0 = Debug|x64
		{8E5FD222-7C8F-455F-BB28-33328BC2611E}.Debug|x86.ActiveCfg = Debug|Win32
		{8E5FD222-7C8F-455F-BB28-33328BC2611E}.Debug|x86.Build.0 = Debug|Win32
		{8E5FD222-7C8F-455F-BB28-33328BC2611E}.Release|x64.ActiveCfg = Release|x64
		{8E5FD222-7C8F-455F-BB28-33328BC2611E}.Release|x64.Build.0 = Release|x64
		{8E5FD222-7C8F-455F-BB28-33328BC2611E}.Release|x86.ActiveCfg = Release|Win32
		{8E5FD222-7C8F-455F-BB28-33328BC2611E}.Release|x86.Build.0 = Release|Win32
		{3A5025EC-1216-47FE-8E4F-3F79F81B869C}.Debug|x64.ActiveCfg = Debug|x64
		{3A5025EC-1216-47FE-8E4F-3F79F81B869C}.Debug|x64.Build.0 = Debug|x64
		{3A5025EC-1216-47FE-8E4F-3F79F81B869C}.Debug|x86.ActiveCfg = Debug|Win32
		{3A5025EC-1216-47FE-8E4F-3F79F81B869C}.Debug|x86.Build.0 = Debug|Win32
		{3A5025EC-1216-47FE-8E4F-3F79F81B869C}.Release|x64.ActiveCfg = Release|x64
		{3A5025EC-1216-47FE-8E4F-3F79F81B869C}.Release|x64.Build.0 = Release|x64
		{3A5025EC-1216-47FE-8E4F-3F79F81B869C}.Release|x86.ActiveCfg = Release|Win32
		{3A5025EC-1216-47FE-8E4F-3F79F81B869C}.Release|x86.Build.0 = Release|Win32
		{18455B32-97F4-4844-93C1-72B5E53054DB}.Debug|x64.ActiveCfg = Debug|x64
		{18455B32-97F4-4844-93C1-72B5E53054DB}.Debug|x64.Build.0 = Debug|x64
		{18455B32-97F4-4844-93C1-72B5E53054DB}.Debug|x86.ActiveCfg = Debug|Win32
		{18455B32-97F4-4844-93C1-72B5E53054DB}.Debug|x86.Build.0 = Debug|Win32
		{18455B32-97F4-4844-93C1-72B5E53054DB}.Release|x64.ActiveCfg = Release|x64
		{18455B32-97F4-4844-93C1-72B5E53054DB}.Release|x64.Build.0 = Release|x64
		{18455B32-97F4-4844-93C1-72B5E53054DB}.Release|x86.ActiveCfg = Release|Win32
		{18455B32-97F4-4844-93C1-72B5E53054DB}.Release|x86.Build.0 = Release|Win32
		{0A22B00F-E2CD-4349-ADC9-2DE99AFBB798}.Debug|x64.ActiveCfg = Debug|x64
		{0A22B00F-E2CD-4349-ADC9-2DE99AFBB798}.Debug|x64.Build.0 = Debug|x64
		{0A22B00F-E2CD-4349-ADC9-2DE99AFBB798}.Debug|x86.ActiveCfg = Debug|Win32
		{0A22B00F-E2CD-4349-ADC9-2DE99AFBB798}.Debug|x86.Build.0 = Debug|Win32
		{0A22B00F-E2CD-4349-ADC9-2DE99AFBB798}.Release|x64.ActiveCfg = Release|x64
		{0A22B00F-E2CD-4349-ADC9-2DE99AFBB798}.Release|x64.Build.0 = Release|x64
		{0A22B00F-E2CD-4349-ADC9-2DE99AFBB798}.Release|x86.ActiveCfg = Release|Win32
		{0A22B00F-E2CD-4349-ADC9-2DE99AFBB798}.Release|x86.Build.0 = Release|Win32
		{0AAF7433-EE56-46B2-848D-DA2BF1D08784}.Debug|x64.ActiveCfg = Debug|x64
		{0AAF7433-EE56-46B2-848D-DA2BF1D08784}.Debug|x64.Build.0 = Debug|x64
		{0AAF7433-EE56-46B2-848D-DA2BF1D08784}.Debug|x86.ActiveCfg = Debug|Win32
		{0AAF7433-EE56-46B2-848D-DA2BF1D08784}.Debug|x86.Build.0 = Debug|Win32
		{0AAF7433-EE56-46B2-848D-DA2BF1D08784}.Release|x64.ActiveCfg = Release|x64
		{0AAF7433-EE56-46B2-848D-DA2BF1D08784}.Release|x64.Build.0 = Release|x64
		{0AAF7433-EE56-46B2-848D-DA2BF1D08784}.Release|x86.ActiveCfg = Release|Win32
		{0AAF7433-EE56-46B2-848D-DA2BF1D08784}.Release|x86.Build.0 = Release|Win32
		{BB01921D-C872-4EE1-A444-03EDE8CE4AAC}.Debug|x64.ActiveCfg = Debug|x64
		{BB01921D-C872-4EE1-A444-03EDE8CE4AAC}.Debug|x64.Build.0 = Debug|x64
		{BB01921D-C872-4EE1-A444-03EDE8CE4AAC}.Debug|x86.ActiveCfg = Debug|Win32
		{BB01921D-C872-4EE1-A444-03EDE8CE4AAC}.Debug|x86.Build.0 = Debug|Win32
		{BB01921D-C872-4EE1-A444-03EDE8CE4AAC}.Release|x64.ActiveCfg = Release|x64
		{BB01921D-C872-4EE1-A444-03EDE8CE4AAC}.Release|x64.Build.0 = Release|x64
		{BB01921D-C872-4EE1-A444-03EDE8CE4AAC}.Release|x86.ActiveCfg = Release|Win32
		{BB01921D-C872-4EE1-A444-03EDE8CE4AAC}.Release|x86.Build.0 = Release|Win32
		{1279966A-D6E6-47A5-8BE7-D7AFEA6B0EAE}.Debug|x64.ActiveCfg = Debug|x64
		{1279966A-D6E6-47A5-8BE7-D7AFEA6B0EAE}.Debug|x64.Build.0 = Debug|x64
		{1279966A-D6E6-47A5-8BE7-D7AFEA6B0EAE}.Debug|x86.ActiveCfg = Debug|Win32
		{1279966A-D6E6-47A5-8BE7-D7AFEA6B0EAE}.Debug|x86.Build.0 = Debug|Win32
		{1279966A-D6E6-47A5-8BE7-D7AFEA6B0EAE}.Release|x64.ActiveCfg = Release|x64
		{1279966A-D6E6-47A5-8BE7-D7AFEA6B0EAE}.Release|x64.Build.0 = Release|x64
		{1279966A-D6E6-47A5-8BE7-D7AFEA6B0EAE}.Release|x86.ActiveCfg = Release|Win32
		{1279966A-D6E6-47A5-8BE7-D7AFEA6B0EAE}.Release|x86.Build.0 = Release|Win32
		{60F14F32-DB28-42EA-B36E-D8F63EE5D188}.Debug|x64.ActiveCfg = Debug|x64
		{60F14F32-DB28-42EA-B36E-D8F63EE5D188}.Debug|x64.Build.0 = Debug|x64
		{60F14F32-DB28-42EA-B36E-D8F63EE5D188}.Debug|x86.ActiveCfg = Debug|Win32
		{60F14F32-DB28-42EA-B36E-D8F63EE5D188}.Debug|x86.Build.0 = Debug|Win32
		{60F14F32-DB28-42EA-B36E-D8F63EE5D188}.Release|x64.ActiveCfg = Release|x64
		{60F14F32-DB28-42EA-B36E-D8F63EE5D188}.Release|x64.Build.0 = Release|x64
		{60F14F32-DB28-42EA-B36E-D8F63EE5D188}.Release|x86.ActiveCfg = Release|Win32
		{60F14F32-DB28-42EA-B36E-D8F63EE5D188}.Release|x86.Build.0 = Release|Win32
		{A3A34411-4571-4326-A97E-78658D36348A}.Debug|x64.ActiveCfg = Debug|x64
		{A3A34411-4571-4326-A97E-78658D36348A}.Debug|x64.Build.0 = Debug|x64
		{A3A34411-4571-4326-A97E-78658D36348A}.Debug|x86.ActiveCfg = Debug|Win32
		{A3A34411-4571-4326-A97E-78658D36348A}.Debug|x86.Build.0 = Debug|Win32
		{A3A34411-4571-4326-A97E-78658D36348A}.Release|x64.ActiveCfg = Release|x64
		{A3A34411-4571-4326-A97E-78658D36348A}.Release|x64.Build.0 = Release|x64
		{A3A34411-4571-4326-A97E-78658D36348A}.Release|x86.ActiveCfg = Release|Win32
		{A3A34411-4571-4326-A97E-78658D36348A}.Release|x86.Build.0 = Release|Win32
		{985181D5-2F15-4C1A-8AC1-964642F83968}.Debug|x64.ActiveCfg = Debug|x64
		{985181D5-2F15-4C1A-8AC1-964642F83968}.Debug|x64.Build.0 = Debug|x64
		{985181D5-2F15-4C1A-8AC1-964642F83968}.Debug|x86.ActiveCfg = Debug|Win32
		{985181D5-2F15-4C1A-8AC1-964642F83968}.Debug|x86.Build.0 = Debug|Win32
		{985181D5-2F15-4C1A-8AC1-964642F83968}.Release|x64.ActiveCfg = Release|x64
		{985181D5-2F15-4C1A-8AC1-964642F83968}.Release|x64.Build.0 = Release|x64
		{985181D5-2F15-4C1A-8AC1-964642F83968}.Release|x86.ActiveCfg = Release|Win32
		{985181D5-2F15-4C1A-8AC1-964642F83968}.Release|x86.Build.0 = Release|Win32
		{D4F68290-0986-4302-A8AB-E5F98FB27EA4}.Debug|x64.ActiveCfg = Debug|x64
		{D4F68290-0986-4302-A8AB-E5F98FB27EA4}.Debug|x64.Build.0 = Debug|x64
		{D4F68290-0986-4302-A8AB-E5F98FB27EA4}.Debug|x86.ActiveCfg = Debug|Win32
		{D4F68290-0986-4302-A8AB-E5F98FB27EA4}.Debug|x86.Build.0 = Debug|Win32
		{D4F68290-0986-4302-A8AB-E5F98FB27EA4}.Release|x64.ActiveCfg = Release|x64
		{D4F68290-0986-4302-A8AB-E5F98FB27EA4}.Release|x64.Build.0 = Release|x64
		{D4F68290-0986-4302-A8AB-E5F98FB27EA4}.Release|x86.ActiveCfg = Release|Win32
		{D4F68290-0986-4302-A8AB-E5F98FB27EA4}.Release|x86.Build.0 = Release|Win32
		{E2A7AA45-E4A2-44B3-BBB4-93201BA1D416}.Debug|x64.ActiveCfg = Debug|x64
		{E2A7AA45-E4A2-44B3-BBB4-93201BA1D416}.Debug|x64.Build.0 = Debug|x64
		{E2A7AA45-E4A2-44B3-BBB4-93201BA1D416}.Debug|x86.ActiveCfg = Debug|Win32
		{E2A7AA45-E4A2-44B3-BBB4-93201BA1D416}.Debug|x86.Build.0 = Debug|Win32
		{E2A7AA45-E4A2-44B3-BBB4-93201BA1D416}.Release|x64.ActiveCfg = Release|x64
		{E2A7AA45-E4A2-44B3-BBB4-93201BA1D416}.Release|x64.Build.0 = Release|x64
		{E2A7AA45-E4A2-44B3-BBB4-93201BA1D416}.Release|x86.ActiveCfg = Release|Win32
		{E2A7AA45-E4A2-44B3-BBB4-93201BA1D416}.Release|x86.Build.0 = Release|Win32
		{C02BD473-E2CF-426F-BF53-A8374CB0290F}.Debug|x64.ActiveCfg = Debug|x64
		{C02BD473-E2CF-426F-BF53-A8374CB0290F}.Debug|x64.Build.0 = Debug|x64
		{C02BD473-E2CF-426F-BF53-A8374CB0290F}.Debug|x86.ActiveCfg = Debug|Win32
		{C02BD473-E2CF-426F-BF53-A8374CB0290F}.Debug|x86.Build.0 = Debug|Win32
		{C02BD473-E2CF-426F-BF53-A8374CB0290F}.Release|x64.ActiveCfg = Release|x64
		{C02BD473-E2CF-426F-BF53-A8374CB0290F}.Release|x64.Build.0 = Release|x64
		{C02BD473-E2CF-426F-BF53-A8374CB0290F}.Release|x86.ActiveCfg = Release|Win32
		{C02BD473-E2CF-426F-BF53-A8374CB0290F}.Release|x86.Build.0 = Release|Win32
		{333C5670-D8FA-4D18-8A9D-B17CC1DD6A30}.Debug|x64.ActiveCfg = Debug|x64
		{333C5670-D8FA-4D18-8A9D-B17CC1DD6A30}.Debug|x64.Build.0 = Debug|x64
		{333C5670-D8FA-4D18-8A9D-B17CC1DD6A30}.Debug|x86.ActiveCfg = Debug|Win32
		{333C5670-D8FA-4D18-8A9D-B17CC1DD6A30}.Debug|x86.Build.0 = Debug|Win32
		{333C5670-D8FA-4D18-8A9D-B17CC1DD6A30}.Release|x64.ActiveCfg = Release|x64
		{333C5670-D8FA-4D18-8A9D-B17CC1DD6A30}.Release|x64.Build.0 = Release|x64
		{333C5670-D8FA-4D18-8A9D-B17CC1DD6A30}.Release|x86.ActiveCfg = Release|Win32
		{333C5670-D8FA-4D18-8A9D-B17CC1DD6A30}.Release|x86.Build.0 = Release|Win32
		{DEC72794-D971-49E9-A45E-58CF55DC963E}.Debug|x64.ActiveCfg = Debug|x64
		{DEC72794-D971-49E9-A45E-58CF55DC963E}.Debug|x64.Build.0 = Debug|x64
		{DEC72794-D971-49E9-A45E-58CF55DC963E}.Debug|x86.ActiveCfg = Debug|Win32
		{DEC72794-D971-49E9-A45E-58CF55DC963E}.Debug|x86.Build.0 = Debug|Win32
		{DEC72794-D971-49E9-A45E-58CF55DC963E}.Release|x64.ActiveCfg = Release|x64
		{DEC72794-D971-49E9-A45E-58CF55DC963E}.Release|x64.Build.0 = Release|x64
		{DEC72794-D971-49E9-A45E-58CF55DC963E}.Release|x86.ActiveCfg = Release|Win32
		{DEC72794-D971-49E9-A45E-58CF55DC963E}.Release|x86.Build.0 = Release|Win32
		{1FF94172-6F40-4408-8E01-8474ADAFE814}.Debug|x64.ActiveCfg = Debug|x64
		{1FF94172-6F40-4408-8E01-8474ADAFE814}.Debug|x64.Build.0 = Debug|x64
		{1FF94172-6F40-4408-8E01-8474ADAFE814}.Debug|x86.ActiveCfg = Debug|Win32
		{1FF94172-6F40-4408-8E01-8474ADAFE814}.Debug|x86.Build.0 = Debug|Win32
		{1FF94172-6F40-4408-8E01-8474ADAFE814}.Release|x64.ActiveCfg = Release|x64
		{1FF94172-6F40-4408-8E01-8474ADAFE814}.Release|x64.Build.0 = Release|x64
		{1FF94172-6F40-4408-8E01-8474ADAFE814}.Release|x86.ActiveCfg = Release|Win32
		{1FF94172-6F40-4408-8E01-8474ADAFE814}.Release|x86.Build.0 = Release|Win32
		{17E77F92-59AA-4C2A-B310-65F6B9BB8618}.Debug|x64.ActiveCfg = Debug|x64
		{17E77F92-59AA-4C2A-B310-65F6B9BB8618}.Debug|x64.Build.0 = Debug|x64
		{17E77F92-59AA-4C2A-B310-65F6B9BB8618}.Debug|x86.ActiveCfg = Debug|Win32
		{17E77F92-59AA-4C2A-B310-65F6B9BB8618}.Debug|x86.Build.0 = Debug|Win32
		{17E77F92-59AA-4C2A-B310-65F6B9BB8618}.Release|x64.ActiveCfg = Release|x64
		{17E77F92-59AA-4C2A-B310-65F6B9BB8618}.Release|x64.Build.0 = Release|x64
		{17E77F92-59AA-4C2A-B310-65F6B9BB8618}.Release|x86.ActiveCfg = Release|Win32
		{17E77F92-59AA-4C2A-B310-65F6B9BB8618}.Release|x86.Build.0 = Release|Win32
		{4358DCA2-9DF8-4EF9-8CFB-F5B14F7EFF1C}.Debug|x64.ActiveCfg = Debug|x64
		{4358DCA2-9DF8-4EF9-8CFB-F5B14F7EFF1C}.Debug|x64.Build.0 = Debug|x64
		{4358DCA2-9DF8-4EF9-8CFB-F5B14F7EFF1C}.Debug|x86.ActiveCfg = Debug|Win32
		{4358DCA2-9DF8-4EF9-8CFB-F5B14F7EFF1C}.Debug|x86.Build.0 = Debug|Win32
		{4358DCA2-9DF8-4EF9-8CFB-F5B14F7EFF1C}.Release|x64.ActiveCfg = Release|x64
		{4358DCA2-9DF8-4EF9-8CFB-F5B14F7EFF1C}.Release|x64.Build.0 = Release|x64
		{4358DCA2-9DF8-4EF9-8CFB-F5B14F7EFF1C}.Release|x86.ActiveCfg = Release|Win32
		{4358DCA2-9DF8-4EF9-8CFB-F5B14F7EFF1C}.Release|x86.Build.0 = Release|Win32
		{032DF646-DEC2-48E6-A7C2-EE51BB26A64B}.Debug|x64.ActiveCfg = Debug|x64
		{032DF646-DEC2-48E6-A7C2-EE51BB26A64B}.Debug|x64.Build.0 = Debug|x64
		{032DF646-DEC2-48E6-A7C2-EE51BB26A64B}.Debug|x86.ActiveCfg = Debug|Win32
		{032DF646-DEC2-48E6-A7C2-EE51BB26A64B}.Debug|x86.Build.0 = Debug|Win32
		{032DF646-DEC2-48E6-A7C2-EE51BB26A64B}.Release|x64.ActiveCfg = Release|x64
		{032DF646-DEC2-48E6-A7C2-EE51BB26A64B}.Release|x64.Build.0 = Release|x64
		{032DF646-DEC2-48E6-A7C2-EE51BB26A64B}.Release|x86.ActiveCfg = Release|Win32
		{032DF646-DEC2-48E6-A7C2-EE51BB26A64B}.Release|x86.Build.0 = Release|Win32
		{A5E6C079-741C-4969-820E-61A26AC6E5AF}.Debug|x64.ActiveCfg = Debug|x64
		{A5E6C079-741C-4969-820E-61A26AC6E5AF}.Debug|x64.Build.0 = Debug|x64
		{A5E6C079-741C-4969-820E-61A26AC6E5AF}.Debug|x86.ActiveCfg = Debug|Win32
		{A5E6C079-741C-4969-820E-61A26AC6E5AF}.Debug|x86.Build.0 = Debug|Win32
		{A5E6C079-741C-4969-820E-61A26AC6E5AF}.Release|x64.ActiveCfg = Release|x64
		{A5E6C079-741C-4969-820E-61A26AC6E5AF}.Release|x64.Build.0 = Release|x64
		{A5E6C079-741C-4969-820E-61A26AC6E5AF}.Release|x86.ActiveCfg = Release|Win32
		{A5E6C079-741C-4969-820E-61A26AC6E5AF}.Release|x86.Build.0 = Release|Win32
		{2C01C961-15C6-45E4-9D36-AAC9DB6BC6BE}.Debug|x64.ActiveCfg = Debug|x64
		{2C01C961-15C6-45E4-9D36-AAC9DB6BC6BE}.Debug|x64.Build.0 = Debug|x64
		{2C01C961-15C6-45E4-9D36-AAC9DB6BC6BE}.Debug|x86.ActiveCfg = Debug|Win32
		{2C01C961-15C6-45E4-9D36-AAC9DB6BC6BE}.Debug|x86.Build.0 = Debug|Win32
		{2C01C961-15C6-45E4-9D36-AAC9DB6BC6BE}.Release|x64.ActiveCfg = Release|x64
		{2C01C961-15C6-45E4-9D36-AAC9DB6BC6BE}.Release|x64.Build.0 = Release|x64
		{2C01C961-15C6-45E4-9D36-AAC9DB6BC6BE}.Release|x86.ActiveCfg = Release|Win32
		{2C01C961-15C6-45E4-9D36-AAC9DB6BC6BE}.Release|x86.Build.0 = Release|Win32
		{A0F9C81A-3DDC-45C2-ADB4-6AC087B79424}.Debug|x64.ActiveCfg = Debug|x64
		{A0F9C81A-3DDC-45C2-ADB4-6AC087B79424}.Debug|x64.Build.0 = Debug|x64
		{A0F9C81A-3DDC-45C2-ADB4-6AC087B79424}.Debug|x86.ActiveCfg = Debug|Win32
		{A0F9C81A-3DDC-45C2-ADB4-6AC087B79424}.Debug|x86.Build.0 = Debug|Win32
		{A0F9C81A-3DDC-45C2-ADB4-6AC087B79424}.Release|x64.ActiveCfg = Release|x64
		{A0F9C81A-3DDC-45C2-ADB4-6AC087B79424}.Release|x64.Build.0 = Release|x64
		{A0F9C81A-3DDC-45C2-ADB4-6AC087B79424}.Release|x86.ActiveCfg = Release|Win32
		{A0F9C81A-3DDC-45C2-ADB4-6AC087B79424}.Release|x86.Build.0 = Release|Win32
		{53CD1DF7-B43F-4B26-9C46-C610323CFA83}.Debug|x64.ActiveCfg = Debug|x64
		{53CD1DF7-B43F-4B26-9C46-C610323CFA83}.Debug|x64.Build.0 = Debug|x64
		{53CD1DF7-B43F-4B26-9C46-C610323CFA83}.Debug|x86.ActiveCfg = Debug|Win32
		{53CD1DF7-B43F-4B26-9C46-C610323CFA83}.Debug|x86.Build.0 = Debug|Win32
		{53CD1DF7-B43F-4B26-9C46-C610323CFA83}.Release|x64.ActiveCfg = Release|x64
		{53CD1DF7-B43F-4B26-9C46-C610323CFA83}.Release|x64.Build.0 = Release|x64
		{53CD1DF7-B43F-4B26-9C46-C610323CFA83}.Release|x86.ActiveCfg = Release|Win32
		{53CD1DF7-B43F-4B26-9C46-C610323CFA83}.Release|x86.Build.0 = Release|Win32
		{1A087CC2-B079-4084-9A68-E0F50A4F5B34}.Debug|x64.ActiveCfg = Debug|x64
		{1A087CC2-B079-4084-9A68-E0F50A4F5B34}.Debug|x64.Build.0 = Debug|x64
		{1A087CC2-B079-4084-9A68-E0F50A4F5B34}.Debug|x86.ActiveCfg = Debug|Win32
		{1A087CC2-B079-4084-9A68-E0F50A4F5B34}.Debug|x86.Build.0 = Debug|Win32
		{1A087CC2-B079-4084-9A68-E0F50A4F5B34}.Release|x64.ActiveCfg = Release|x64
		{1A087CC2-B079-4084-9A68-E0F50A4F5B34}.Release|x64.Build.0 = Release|x64
		{1A087CC2-B079-4084-9A68-E0F50A4F5B34}.Release|x86.ActiveCfg = Release|Win32
		{1A087CC2-B079-4084-9A68-E0F50A4F5B34}.Release|x86.Build.0 = Release|Win32
		{6C46197C-9AD4-4E2D-93CF-31998FC4BF9F}.Debug|x64.ActiveCfg = Debug|x64
		{6C46197C-9AD4-4E2D-93CF-31998FC4BF9F}.Debug|x64.Build.0 = Debug|x64
		{6C46197C-9AD4-4E2D-93CF-31998FC4BF9F}.Debug|x86.ActiveCfg = Debug|Win32
		{6C46197C-9AD4-4E2D-93CF-31998FC4BF9F}.Debug|x86.Build.0 = Debug|Win32
		{6C46197C-9AD4-4E2D-93CF-31998FC4BF9F}.Release|x64.ActiveCfg = Release|x64
		{6C46197C-9AD4-4E2D-93CF-31998FC4BF9F}.Release|x64.Build.0 = Release|x64
		{6C46197C-9AD4-4E2D-93CF-31998FC4BF9F}.Release|x86.ActiveCfg = Release|Win32
		{6C46197C-9AD4-4E2D-93CF-31998FC4BF9F}.Release|x86.Build.0 = Release|Win32
		{150CF4B8-C8B9-4BA4-83AF-A0B864371A3A}.Debug|x64.ActiveCfg = Debug|x64
		{150CF4B8-C8B9-4BA4-83AF-A0B864371A3A}.Debug|x64.Build.0 = Debug|x64
		{150CF4B8-C8B9-4BA4-83AF-A0B864371A3A}.Debug|x86.ActiveCfg = Debug|Win32
		{150CF4B8-C8B9-4BA4-83AF-A0B864371A3A}.Debug|x86.Build.0 = Debug|Win32
		{150CF4B8-C8B9-4BA4-83AF-A0B864371A3A}.Release|x64.ActiveCfg = Release|x64
		{150CF4B8-C8B9-4BA4-83AF-A0B864371A3A}.Release|x64.Build.0 = Release|x64
		{150CF4B8-C8B9-4BA4-83AF-A0B864371A3A}.Release|x86.ActiveCfg = Release|Win32
		{150CF4B8-C8B9-4BA4-83AF-A0B864371A3A}.Release|x86.Build.0 = Release|Win32
		{6D7A7BBF-CA67-463D-8257-2845A072F9DA}.Debug|x64.ActiveCfg = Debug|x64
		{6D7A7BBF-CA67-463D-8257-2845A072F9DA}.Debug|x64.Build.0 = Debug|x64
		{6D7A7BBF-CA67-463D-8257-2845A072F9DA}.Debug|x86.ActiveCfg = Debug|Win32
		{6D7A7BBF-CA67-463D-8257-2845A072F9DA}.Debug|x86.Build.0 = Debug|Win32
		{6D7A7BBF-CA67-463D-8257-2845A072F9DA}.Release|x64.ActiveCfg = Release|x64
		{6D7A7BBF-CA67-463D-8257-2845A072F9DA}.Release|x64.Build.0 = Release|x64
		{6D7A7BBF-CA67-463D-8257-2845A072F9DA}.Release|x86.ActiveCfg = Release|Win32
		{6D7A7BBF-CA67-463D-8257-2845A072F9DA}.Release|x86.Build.0 = Release|Win32
		{6F464FF3-FB8C-47B7-B89D-A32D934ECDD4}.Debug|x64.ActiveCfg = Debug|x64
		{6F464FF3-FB8C-47B7-B89D-A32D934ECDD4}.Debug|x64.Build.0 = Debug|x64
		{6F464FF3-FB8C-47B7-B89D-A32D934ECDD4}.Debug|x86.ActiveCfg = Debug|Win32
		{6F464FF3-FB8C-47B7-B89D-A32D934ECDD4}.Debug|x86.Build.0 = Debug|Win32
		{6F464FF3-FB8C-47B7-B89D-A32D934ECDD4}.Release|x64.ActiveCfg = Release|x64
		{6F464FF3-FB8C-47B7-B89D-A32D934ECDD4}.Release|x64.Build.0 = Release|x64
		{6F464FF3-FB8C-47B7-B89D-A32D934ECDD4}.Release|x86.ActiveCfg = Release|Win32
		{6F464FF3-FB8C-47B7-B89D-A32D934ECDD4}.Release|x86.Build.0 = Release|Win32
		{640BDDEE-ECEE-4FD9-B658-8B63C5542F20}.Debug|x64.ActiveCfg = Debug|x64
		{640BDDEE-ECEE-4FD9-B658-8B63C5542F20}.Debug|x64.Build.0 = Debug|x64
		{640BDDEE-ECEE-4FD9-B658-8B63C5542F20}.Debug|x86.ActiveCfg = Debug|Win32
		{640BDDEE-ECEE-4FD9-B658-8B63C5542F20}.Debug|x86.Build.0 = Debug|Win32
		{640BDDEE-ECEE-4FD9-B658-8B63C5542F20}.Release|x64.ActiveCfg = Release|x64
		{640BDDEE-ECEE-4FD9-B658-8B63C5542F20}.Release|x64.Build.0 = Release|x64
		{640BDDEE-ECEE-4FD9-B658-8B63C5542F20}.Release|x86.ActiveCfg = Release|Win32
		{640BDDEE-ECEE-4FD9-B658-8B63C5542F20}.Release|x86.Build.0 = Release|Win32
		{1457C81A-A7E3-4065-8B86-2D79C880E03C}.Debug|x64.ActiveCfg = Debug|x64
		{1457C81A-A7E3-4065-8B86-2D79C880E03C}.Debug|x64.Build.0 = Debug|x64
		{1457C81A-A7E3-4065-8B86-2D79C880E03C}.Debug|x86.ActiveCfg = Debug|Win32
		{1457C81A-A7E3-4065-8B86-2D79C880E03C}.Debug|x86.Build.0 = Debug|Win32
		{1457C81A-A7E3-4065-8B86-2D79C880E03C}.Release|x64.ActiveCfg = Release|x64
		{1457C81A-A7E3-4065-8B86-2D79C880E03C}.Release|x64.Build.0 = Release|x64
		{1457C81A-A7E3-4065-8B86-2D79C880E03C}.Release|x86.ActiveCfg = Release|Win32
		{1457C81A-A7E3-4065-8B86-2D79C880E03C}.Release|x86.Build.0 = Release|Win32
	EndGlobalSection
	GlobalSection(SolutionProperties) = preSolution
		HideSolutionNode = FALSE
	EndGlobalSection
	GlobalSection(ExtensibilityGlobals) = postSolution
		SolutionGuid = {1136B5FD-AA8C-4B34-9902-F6DFEAE94F3A}
	EndGlobalSection
EndGlobal
