
Microsoft Visual Studio Solution File, Format Version 12.00
# Visual Studio Version 17
VisualStudioVersion = 17.7.34031.279
MinimumVisualStudioVersion = 10.0.40219.1
Project("{8BC9CEB8-8B4A-11D0-8D11-00A0C91BC942}") = "HelloWorld", "HelloWorld\HelloWorld.vcxproj", "{A508A988-9D49-4CCF-B982-C524E786331C}"
EndProject
Project("{8BC9CEB8-8B4A-11D0-8D11-00A0C91BC942}") = "charIO", "charIO\charIO.vcxproj", "{CDC98E70-F03B-41D2-AE83-68806AA7C698}"
EndProject
Project("{8BC9CEB8-8B4A-11D0-8D11-00A0C91BC942}") = "getsSample", "getsSample\getsSample.vcxproj", "{8020EC2A-2E7A-4079-863C-B058F4D383B2}"
EndProject
Project("{8BC9CEB8-8B4A-11D0-8D11-00A0C91BC942}") = "ageNameIO", "ageNameIO\ageNameIO.vcxproj", "{8E5FD222-7C8F-455F-BB28-33328BC2611E}"
EndProject
Project("{8BC9CEB8-8B4A-11D0-8D11-00A0C91BC942}") = "avg", "avg\avg.vcxproj", "{3A5025EC-1216-47FE-8E4F-3F79F81B869C}"
EndProject
Project("{8BC9CEB8-8B4A-11D0-8D11-00A0C91BC942}") = "clock", "clock\clock.vcxproj", "{18455B32-97F4-4844-93C1-72B5E53054DB}"
EndProject
Project("{8BC9CEB8-8B4A-11D0-8D11-00A0C91BC942}") = "varChange", "varChange\varChange.vcxproj", "{0A22B00F-E2CD-4349-ADC9-2DE99AFBB798}"
EndProject
Project("{8BC9CEB8-8B4A-11D0-8D11-00A0C91BC942}") = "totalSum", "totalSum\totalSum.vcxproj", "{0AAF7433-EE56-46B2-848D-DA2BF1D08784}"
EndProject
Project("{8BC9CEB8-8B4A-11D0-8D11-00A0C91BC942}") = "bitSub", "bitSub\bitSub.vcxproj", "{BB01921D-C872-4EE1-A444-03EDE8CE4AAC}"
EndProject
Project("{8BC9CEB8-8B4A-11D0-8D11-00A0C91BC942}") = "passOrNonPass", "passOrNonPass\passOrNonPass.vcxproj", "{1279966A-D6E6-47A5-8BE7-D7AFEA6B0EAE}"
EndProject
Project("{8BC9CEB8-8B4A-11D0-8D11-00A0C91BC942}") = "maxSurvival", "maxSurvival\maxSurvival.vcxproj", "{60F14F32-DB28-42EA-B36E-D8F63EE5D188}"
EndProject
Project("{8BC9CEB8-8B4A-11D0-8D11-00A0C91BC942}") = "maxTournament", "maxTournament\maxTournament.vcxproj", "{A3A34411-4571-4326-A97E-78658D36348A}"
EndProject
Project("{8BC9CEB8-8B4A-11D0-8D11-00A0C91BC942}") = "maxIf", "maxIf\maxIf.vcxproj", "{985181D5-2F15-4C1A-8AC1-964642F83968}"
EndProject
Project("{8BC9CEB8-8B4A-11D0-8D11-00A0C91BC942}") = "busFee", "busFee\busFee.vcxproj", "{D4F68290-0986-4302-A8AB-E5F98FB27EA4}"
EndProject
Global
	GlobalSection(SolutionConfigurationPlatforms) = preSolution
		Debug|x64 = Debug|x64
		Debug|x86 = Debug|x86
		Release|x64 = Release|x64
		Release|x86 = Release|x86
	EndGlobalSection
	GlobalSection(ProjectConfigurationPlatforms) = postSolution
		{A508A988-9D49-4CCF-B982-C524E786331C}.Debug|x64.ActiveCfg = Debug|x64
		{A508A988-9D49-4CCF-B982-C524E786331C}.Debug|x64.Build.0 = Debug|x64
		{A508A988-9D49-4CCF-B982-C524E786331C}.Debug|x86.ActiveCfg = Debug|Win32
		{A508A988-9D49-4CCF-B982-C524E786331C}.Debug|x86.Build.0 = Debug|Win32
		{A508A988-9D49-4CCF-B982-C524E786331C}.Release|x64.ActiveCfg = Release|x64
		{A508A988-9D49-4CCF-B982-C524E786331C}.Release|x64.Build.0 = Release|x64
		{A508A988-9D49-4CCF-B982-C524E786331C}.Release|x86.ActiveCfg = Release|Win32
		{A508A988-9D49-4CCF-B982-C524E786331C}.Release|x86.Build.0 = Release|Win32
		{CDC98E70-F03B-41D2-AE83-68806AA7C698}.Debug|x64.ActiveCfg = Debug|x64
		{CDC98E70-F03B-41D2-AE83-68806AA7C698}.Debug|x64.Build.0 = Debug|x64
		{CDC98E70-F03B-41D2-AE83-68806AA7C698}.Debug|x86.ActiveCfg = Debug|Win32
		{CDC98E70-F03B-41D2-AE83-68806AA7C698}.Debug|x86.Build.0 = Debug|Win32
		{CDC98E70-F03B-41D2-AE83-68806AA7C698}.Release|x64.ActiveCfg = Release|x64
		{CDC98E70-F03B-41D2-AE83-68806AA7C698}.Release|x64.Build.0 = Release|x64
		{CDC98E70-F03B-41D2-AE83-68806AA7C698}.Release|x86.ActiveCfg = Release|Win32
		{CDC98E70-F03B-41D2-AE83-68806AA7C698}.Release|x86.Build.0 = Release|Win32
		{8020EC2A-2E7A-4079-863C-B058F4D383B2}.Debug|x64.ActiveCfg = Debug|x64
		{8020EC2A-2E7A-4079-863C-B058F4D383B2}.Debug|x64.Build.0 = Debug|x64
		{8020EC2A-2E7A-4079-863C-B058F4D383B2}.Debug|x86.ActiveCfg = Debug|Win32
		{8020EC2A-2E7A-4079-863C-B058F4D383B2}.Debug|x86.Build.0 = Debug|Win32
		{8020EC2A-2E7A-4079-863C-B058F4D383B2}.Release|x64.ActiveCfg = Release|x64
		{8020EC2A-2E7A-4079-863C-B058F4D383B2}.Release|x64.Build.0 = Release|x64
		{8020EC2A-2E7A-4079-863C-B058F4D383B2}.Release|x86.ActiveCfg = Release|Win32
		{8020EC2A-2E7A-4079-863C-B058F4D383B2}.Release|x86.Build.0 = Release|Win32
		{8E5FD222-7C8F-455F-BB28-33328BC2611E}.Debug|x64.ActiveCfg = Debug|x64
		{8E5FD222-7C8F-455F-BB28-33328BC2611E}.Debug|x64.Build.0 = Debug|x64
		{8E5FD222-7C8F-455F-BB28-33328BC2611E}.Debug|x86.ActiveCfg = Debug|Win32
		{8E5FD222-7C8F-455F-BB28-33328BC2611E}.Debug|x86.Build.0 = Debug|Win32
		{8E5FD222-7C8F-455F-BB28-33328BC2611E}.Release|x64.ActiveCfg = Release|x64
		{8E5FD222-7C8F-455F-BB28-33328BC2611E}.Release|x64.Build.0 = Release|x64
		{8E5FD222-7C8F-455F-BB28-33328BC2611E}.Release|x86.ActiveCfg = Release|Win32
		{8E5FD222-7C8F-455F-BB28-33328BC2611E}.Release|x86.Build.0 = Release|Win32
		{3A5025EC-1216-47FE-8E4F-3F79F81B869C}.Debug|x64.ActiveCfg = Debug|x64
		{3A5025EC-1216-47FE-8E4F-3F79F81B869C}.Debug|x64.Build.0 = Debug|x64
		{3A5025EC-1216-47FE-8E4F-3F79F81B869C}.Debug|x86.ActiveCfg = Debug|Win32
		{3A5025EC-1216-47FE-8E4F-3F79F81B869C}.Debug|x86.Build.0 = Debug|Win32
		{3A5025EC-1216-47FE-8E4F-3F79F81B869C}.Release|x64.ActiveCfg = Release|x64
		{3A5025EC-1216-47FE-8E4F-3F79F81B869C}.Release|x64.Build.0 = Release|x64
		{3A5025EC-1216-47FE-8E4F-3F79F81B869C}.Release|x86.ActiveCfg = Release|Win32
		{3A5025EC-1216-47FE-8E4F-3F79F81B869C}.Release|x86.Build.0 = Release|Win32
		{18455B32-97F4-4844-93C1-72B5E53054DB}.Debug|x64.ActiveCfg = Debug|x64
		{18455B32-97F4-4844-93C1-72B5E53054DB}.Debug|x64.Build.0 = Debug|x64
		{18455B32-97F4-4844-93C1-72B5E53054DB}.Debug|x86.ActiveCfg = Debug|Win32
		{18455B32-97F4-4844-93C1-72B5E53054DB}.Debug|x86.Build.0 = Debug|Win32
		{18455B32-97F4-4844-93C1-72B5E53054DB}.Release|x64.ActiveCfg = Release|x64
		{18455B32-97F4-4844-93C1-72B5E53054DB}.Release|x64.Build.0 = Release|x64
		{18455B32-97F4-4844-93C1-72B5E53054DB}.Release|x86.ActiveCfg = Release|Win32
		{18455B32-97F4-4844-93C1-72B5E53054DB}.Release|x86.Build.0 = Release|Win32
		{0A22B00F-E2CD-4349-ADC9-2DE99AFBB798}.Debug|x64.ActiveCfg = Debug|x64
		{0A22B00F-E2CD-4349-ADC9-2DE99AFBB798}.Debug|x64.Build.0 = Debug|x64
		{0A22B00F-E2CD-4349-ADC9-2DE99AFBB798}.Debug|x86.ActiveCfg = Debug|Win32
		{0A22B00F-E2CD-4349-ADC9-2DE99AFBB798}.Debug|x86.Build.0 = Debug|Win32
		{0A22B00F-E2CD-4349-ADC9-2DE99AFBB798}.Release|x64.ActiveCfg = Release|x64
		{0A22B00F-E2CD-4349-ADC9-2DE99AFBB798}.Release|x64.Build.0 = Release|x64
		{0A22B00F-E2CD-4349-ADC9-2DE99AFBB798}.Release|x86.ActiveCfg = Release|Win32
		{0A22B00F-E2CD-4349-ADC9-2DE99AFBB798}.Release|x86.Build.0 = Release|Win32
		{0AAF7433-EE56-46B2-848D-DA2BF1D08784}.Debug|x64.ActiveCfg = Debug|x64
		{0AAF7433-EE56-46B2-848D-DA2BF1D08784}.Debug|x64.Build.0 = Debug|x64
		{0AAF7433-EE56-46B2-848D-DA2BF1D08784}.Debug|x86.ActiveCfg = Debug|Win32
		{0AAF7433-EE56-46B2-848D-DA2BF1D08784}.Debug|x86.Build.0 = Debug|Win32
		{0AAF7433-EE56-46B2-848D-DA2BF1D08784}.Release|x64.ActiveCfg = Release|x64
		{0AAF7433-EE56-46B2-848D-DA2BF1D08784}.Release|x64.Build.0 = Release|x64
		{0AAF7433-EE56-46B2-848D-DA2BF1D08784}.Release|x86.ActiveCfg = Release|Win32
		{0AAF7433-EE56-46B2-848D-DA2BF1D08784}.Release|x86.Build.0 = Release|Win32
		{BB01921D-C872-4EE1-A444-03EDE8CE4AAC}.Debug|x64.ActiveCfg = Debug|x64
		{BB01921D-C872-4EE1-A444-03EDE8CE4AAC}.Debug|x64.Build.0 = Debug|x64
		{BB01921D-C872-4EE1-A444-03EDE8CE4AAC}.Debug|x86.ActiveCfg = Debug|Win32
		{BB01921D-C872-4EE1-A444-03EDE8CE4AAC}.Debug|x86.Build.0 = Debug|Win32
		{BB01921D-C872-4EE1-A444-03EDE8CE4AAC}.Release|x64.ActiveCfg = Release|x64
		{BB01921D-C872-4EE1-A444-03EDE8CE4AAC}.Release|x64.Build.0 = Release|x64
		{BB01921D-C872-4EE1-A444-03EDE8CE4AAC}.Release|x86.ActiveCfg = Release|Win32
		{BB01921D-C872-4EE1-A444-03EDE8CE4AAC}.Release|x86.Build.0 = Release|Win32
		{1279966A-D6E6-47A5-8BE7-D7AFEA6B0EAE}.Debug|x64.ActiveCfg = Debug|x64
		{1279966A-D6E6-47A5-8BE7-D7AFEA6B0EAE}.Debug|x64.Build.0 = Debug|x64
		{1279966A-D6E6-47A5-8BE7-D7AFEA6B0EAE}.Debug|x86.ActiveCfg = Debug|Win32
		{1279966A-D6E6-47A5-8BE7-D7AFEA6B0EAE}.Debug|x86.Build.0 = Debug|Win32
		{1279966A-D6E6-47A5-8BE7-D7AFEA6B0EAE}.Release|x64.ActiveCfg = Release|x64
		{1279966A-D6E6-47A5-8BE7-D7AFEA6B0EAE}.Release|x64.Build.0 = Release|x64
		{1279966A-D6E6-47A5-8BE7-D7AFEA6B0EAE}.Release|x86.ActiveCfg = Release|Win32
		{1279966A-D6E6-47A5-8BE7-D7AFEA6B0EAE}.Release|x86.Build.0 = Release|Win32
		{60F14F32-DB28-42EA-B36E-D8F63EE5D188}.Debug|x64.ActiveCfg = Debug|x64
		{60F14F32-DB28-42EA-B36E-D8F63EE5D188}.Debug|x64.Build.0 = Debug|x64
		{60F14F32-DB28-42EA-B36E-D8F63EE5D188}.Debug|x86.ActiveCfg = Debug|Win32
		{60F14F32-DB28-42EA-B36E-D8F63EE5D188}.Debug|x86.Build.0 = Debug|Win32
		{60F14F32-DB28-42EA-B36E-D8F63EE5D188}.Release|x64.ActiveCfg = Release|x64
		{60F14F32-DB28-42EA-B36E-D8F63EE5D188}.Release|x64.Build.0 = Release|x64
		{60F14F32-DB28-42EA-B36E-D8F63EE5D188}.Release|x86.ActiveCfg = Release|Win32
		{60F14F32-DB28-42EA-B36E-D8F63EE5D188}.Release|x86.Build.0 = Release|Win32
		{A3A34411-4571-4326-A97E-78658D36348A}.Debug|x64.ActiveCfg = Debug|x64
		{A3A34411-4571-4326-A97E-78658D36348A}.Debug|x64.Build.0 = Debug|x64
		{A3A34411-4571-4326-A97E-78658D36348A}.Debug|x86.ActiveCfg = Debug|Win32
		{A3A34411-4571-4326-A97E-78658D36348A}.Debug|x86.Build.0 = Debug|Win32
		{A3A34411-4571-4326-A97E-78658D36348A}.Release|x64.ActiveCfg = Release|x64
		{A3A34411-4571-4326-A97E-78658D36348A}.Release|x64.Build.0 = Release|x64
		{A3A34411-4571-4326-A97E-78658D36348A}.Release|x86.ActiveCfg = Release|Win32
		{A3A34411-4571-4326-A97E-78658D36348A}.Release|x86.Build.0 = Release|Win32
		{985181D5-2F15-4C1A-8AC1-964642F83968}.Debug|x64.ActiveCfg = Debug|x64
		{985181D5-2F15-4C1A-8AC1-964642F83968}.Debug|x64.Build.0 = Debug|x64
		{985181D5-2F15-4C1A-8AC1-964642F83968}.Debug|x86.ActiveCfg = Debug|Win32
		{985181D5-2F15-4C1A-8AC1-964642F83968}.Debug|x86.Build.0 = Debug|Win32
		{985181D5-2F15-4C1A-8AC1-964642F83968}.Release|x64.ActiveCfg = Release|x64
		{985181D5-2F15-4C1A-8AC1-964642F83968}.Release|x64.Build.0 = Release|x64
		{985181D5-2F15-4C1A-8AC1-964642F83968}.Release|x86.ActiveCfg = Release|Win32
		{985181D5-2F15-4C1A-8AC1-964642F83968}.Release|x86.Build.0 = Release|Win32
		{D4F68290-0986-4302-A8AB-E5F98FB27EA4}.Debug|x64.ActiveCfg = Debug|x64
		{D4F68290-0986-4302-A8AB-E5F98FB27EA4}.Debug|x64.Build.0 = Debug|x64
		{D4F68290-0986-4302-A8AB-E5F98FB27EA4}.Debug|x86.ActiveCfg = Debug|Win32
		{D4F68290-0986-4302-A8AB-E5F98FB27EA4}.Debug|x86.Build.0 = Debug|Win32
		{D4F68290-0986-4302-A8AB-E5F98FB27EA4}.Release|x64.ActiveCfg = Release|x64
		{D4F68290-0986-4302-A8AB-E5F98FB27EA4}.Release|x64.Build.0 = Release|x64
		{D4F68290-0986-4302-A8AB-E5F98FB27EA4}.Release|x86.ActiveCfg = Release|Win32
		{D4F68290-0986-4302-A8AB-E5F98FB27EA4}.Release|x86.Build.0 = Release|Win32
	EndGlobalSection
	GlobalSection(SolutionProperties) = preSolution
		HideSolutionNode = FALSE
	EndGlobalSection
	GlobalSection(ExtensibilityGlobals) = postSolution
		SolutionGuid = {1136B5FD-AA8C-4B34-9902-F6DFEAE94F3A}
	EndGlobalSection
EndGlobal
